
Microsoft Visual Studio Solution File, Format Version 12.00
# Visual Studio 15
VisualStudioVersion = 15.0.36217.24
MinimumVisualStudioVersion = 10.0.40219.1
Project("{FAE04EC0-301F-11D3-BF4B-00C04F79EFBC}") = "PowerBiApi", "PowerBiApi\PowerBiApi.csproj", "{E38E9A88-8345-4150-BAF3-29CB257C147E}"
EndProject
Global
	GlobalSection(SolutionConfigurationPlatforms) = preSolution
		Debug|Any CPU = Debug|Any CPU
		Release|Any CPU = Release|Any CPU
	EndGlobalSection
	GlobalSection(ProjectConfigurationPlatforms) = postSolution
		{E38E9A88-8345-4150-BAF3-29CB257C147E}.Debug|Any CPU.ActiveCfg = Debug|Any CPU
		{E38E9A88-8345-4150-BAF3-29CB257C147E}.Debug|Any CPU.Build.0 = Debug|Any CPU
		{E38E9A88-8345-4150-BAF3-29CB257C147E}.Release|Any CPU.ActiveCfg = Release|Any CPU
		{E38E9A88-8345-4150-BAF3-29CB257C147E}.Release|Any CPU.Build.0 = Release|Any CPU
	EndGlobalSection
	GlobalSection(SolutionProperties) = preSolution
		HideSolutionNode = FALSE
	EndGlobalSection
	GlobalSection(ExtensibilityGlobals) = postSolution
		SolutionGuid = {2AFB5188-2BA5-42FF-8E87-260F5BA1FAF9}
	EndGlobalSection
EndGlobal
